{
  "name": "@sample-stack/healthcheck-server",
  "version": "0.0.1",
  "lockfileVersion": 1,
  "requires": true,
  "dependencies": {
    "nats": {
      "version": "1.4.0",
      "resolved": "https://registry.npmjs.org/nats/-/nats-1.4.0.tgz",
      "integrity": "sha512-dsXZnBN6gFcgIcPLXF72LMaA8cC2edz8J01qRfR7uB4r77DJHaLGYwYsV47/KaUojuavk0agYwxkWbe2J5cGLQ==",
      "requires": {
        "nuid": "^1.0.0",
        "ts-nkeys": "^1.0.8"
      }
    },
    "nuid": {
      "version": "1.1.0",
      "resolved": "https://registry.npmjs.org/nuid/-/nuid-1.1.0.tgz",
      "integrity": "sha512-C/JdZ6PtCqKsCEs4ni76nhBsdmuQgLAT/CTLNprkcLViDAnkk7qx5sSA8PVC2vmSsdBlSsFuGb52v6pwn1oaeg=="
    },
    "ts-nkeys": {
      "version": "1.0.14",
      "resolved": "https://registry.npmjs.org/ts-nkeys/-/ts-nkeys-1.0.14.tgz",
      "integrity": "sha512-WIPykDjpnOvVn5zDNv1uu6o1+Uj+CXaQOM4Od6k2SRiUF4rmhjk7nAHC0mGrWjj0GxeQnwKQv++65qtm1O6kiA==",
      "requires": {
        "tweetnacl": "^1.0.1"
      }
    },
    "tweetnacl": {
      "version": "1.0.2",
      "resolved": "https://registry.npmjs.org/tweetnacl/-/tweetnacl-1.0.2.tgz",
      "integrity": "sha512-+8aPRjmXgf1VqvyxSlBUzKzeYqVS9Ai8vZ28g+mL7dNQl1jlUTCMDZnvNQdAS1xTywMkIXwJsfipsR/6s2+syw=="
    }
  }
}
