{
	"requires": true,
	"lockfileVersion": 1,
	"dependencies": {
		"inversify": {
			"version": "4.13.0",
			"resolved": "https://registry.npmjs.org/inversify/-/inversify-4.13.0.tgz",
			"integrity": "sha512-O5d8y7gKtyRwrvTLZzYET3kdFjqUy58sGpBYMARF13mzqDobpfBXVOPLH7HmnD2VR6Q+1HzZtslGvsdQfeb0SA=="
		}
	}
}
