{
	"requires": true,
	"lockfileVersion": 1,
	"dependencies": {
		"apollo-link": {
			"version": "1.2.2",
			"resolved": "https://registry.npmjs.org/apollo-link/-/apollo-link-1.2.2.tgz",
			"integrity": "sha512-Uk/BC09dm61DZRDSu52nGq0nFhq7mcBPTjy5EEH1eunJndtCaNXQhQz/BjkI2NdrfGI+B+i5he6YSoRBhYizdw==",
			"requires": {
				"@types/graphql": "0.12.6",
				"apollo-utilities": "1.0.13",
				"zen-observable-ts": "0.8.9"
			},
			"dependencies": {
				"@types/graphql": {
					"version": "0.12.6",
					"resolved": "https://registry.npmjs.org/@types/graphql/-/graphql-0.12.6.tgz",
					"integrity": "sha512-wXAVyLfkG1UMkKOdMijVWFky39+OD/41KftzqfX1Oejd0Gm6dOIKjCihSVECg6X7PHjftxXmfOKA/d1H79ZfvQ=="
				},
				"apollo-utilities": {
					"version": "1.0.13",
					"resolved": "https://registry.npmjs.org/apollo-utilities/-/apollo-utilities-1.0.13.tgz",
					"integrity": "sha512-WIbKDsFsLXMgPPGmlB2pL2noHT13TOLU2eRSyPjQMQwcz9lO9UKRkwK8pRJ8b4Zo/9qQHm30F/xlfP/OSr2ZSw=="
				},
				"zen-observable": {
					"version": "0.8.8",
					"resolved": "https://registry.npmjs.org/zen-observable/-/zen-observable-0.8.8.tgz",
					"integrity": "sha512-HnhhyNnwTFzS48nihkCZIJGsWGFcYUz+XPDlPK5W84Ifji8SksC6m7sQWOf8zdCGhzQ4tDYuMYGu5B0N1dXTtg=="
				},
				"zen-observable-ts": {
					"version": "0.8.9",
					"resolved": "https://registry.npmjs.org/zen-observable-ts/-/zen-observable-ts-0.8.9.tgz",
					"integrity": "sha512-KJz2O8FxbAdAU5CSc8qZ1K2WYEJb1HxS6XDRF+hOJ1rOYcg6eTMmS9xYHCXzqZZzKw6BbXWyF4UpwSsBQnHJeA==",
					"requires": {
						"zen-observable": "0.8.8"
					}
				}
			}
		},
		"apollo-logger": {
			"version": "0.1.1",
			"resolved": "https://registry.npmjs.org/apollo-logger/-/apollo-logger-0.1.1.tgz",
			"integrity": "sha512-gXDX+KAAqXuVHcIee+KoRcNecwLjpjr4tw1H0s+76Ujfc4k2BkPPWecAkdoRjTfTi97FCqhgW+ELndgVxTgpqA==",
			"requires": {
				"debug": "3.1.0"
			},
			"dependencies": {
				"debug": {
					"version": "3.1.0",
					"resolved": "https://registry.npmjs.org/debug/-/debug-3.1.0.tgz",
					"integrity": "sha512-OX8XqP7/1a9cqkxYw2yXss15f26NKWBpDXQd0/uK/KPqdQhxbPa994hnzjcE2VqQpDslf55723cKPUOGSmMY3g==",
					"requires": {
						"ms": "2.0.0"
					}
				},
				"ms": {
					"version": "2.0.0",
					"resolved": "https://registry.npmjs.org/ms/-/ms-2.0.0.tgz",
					"integrity": "sha1-VgiurfwAvmwpAd9fmGF4jeDVl8g="
				}
			}
		},
		"body-parser": {
			"version": "1.18.3",
			"resolved": "https://registry.npmjs.org/body-parser/-/body-parser-1.18.3.tgz",
			"integrity": "sha1-WykhmP/dVTs6DyDe0FkrlWlVyLQ=",
			"requires": {
				"bytes": "3.0.0",
				"content-type": "1.0.4",
				"debug": "2.6.9",
				"depd": "1.1.2",
				"http-errors": "1.6.3",
				"iconv-lite": "0.4.23",
				"on-finished": "2.3.0",
				"qs": "6.5.2",
				"raw-body": "2.3.3",
				"type-is": "1.6.16"
			},
			"dependencies": {
				"bytes": {
					"version": "3.0.0",
					"resolved": "https://registry.npmjs.org/bytes/-/bytes-3.0.0.tgz",
					"integrity": "sha1-0ygVQE1olpn4Wk6k+odV3ROpYEg="
				},
				"content-type": {
					"version": "1.0.4",
					"resolved": "https://registry.npmjs.org/content-type/-/content-type-1.0.4.tgz",
					"integrity": "sha512-hIP3EEPs8tB9AT1L+NUqtwOAps4mk2Zob89MWXMHjHWg9milF/j4osnnQLXBCBFBk/tvIG/tUc9mOUJiPBhPXA=="
				},
				"debug": {
					"version": "2.6.9",
					"resolved": "https://registry.npmjs.org/debug/-/debug-2.6.9.tgz",
					"integrity": "sha512-bC7ElrdJaJnPbAP+1EotYvqZsb3ecl5wi6Bfi6BJTUcNowp6cvspg0jXznRTKDjm/E7AdgFBVeAPVMNcKGsHMA==",
					"requires": {
						"ms": "2.0.0"
					}
				},
				"depd": {
					"version": "1.1.2",
					"resolved": "https://registry.npmjs.org/depd/-/depd-1.1.2.tgz",
					"integrity": "sha1-m81S4UwJd2PnSbJ0xDRu0uVgtak="
				},
				"ee-first": {
					"version": "1.1.1",
					"resolved": "https://registry.npmjs.org/ee-first/-/ee-first-1.1.1.tgz",
					"integrity": "sha1-WQxhFWsK4vTwJVcyoViyZrxWsh0="
				},
				"http-errors": {
					"version": "1.6.3",
					"resolved": "https://registry.npmjs.org/http-errors/-/http-errors-1.6.3.tgz",
					"integrity": "sha1-i1VoC7S+KDoLW/TqLjhYC+HZMg0=",
					"requires": {
						"depd": "1.1.2",
						"inherits": "2.0.3",
						"setprototypeof": "1.1.0",
						"statuses": "1.5.0"
					}
				},
				"iconv-lite": {
					"version": "0.4.23",
					"resolved": "https://registry.npmjs.org/iconv-lite/-/iconv-lite-0.4.23.tgz",
					"integrity": "sha512-neyTUVFtahjf0mB3dZT77u+8O0QB89jFdnBkd5P1JgYPbPaia3gXXOVL2fq8VyU2gMMD7SaN7QukTB/pmXYvDA==",
					"requires": {
						"safer-buffer": "2.1.2"
					}
				},
				"inherits": {
					"version": "2.0.3",
					"resolved": "https://registry.npmjs.org/inherits/-/inherits-2.0.3.tgz",
					"integrity": "sha1-Yzwsg+PaQqUC9SRmAiSA9CCCYd4="
				},
				"media-typer": {
					"version": "0.3.0",
					"resolved": "https://registry.npmjs.org/media-typer/-/media-typer-0.3.0.tgz",
					"integrity": "sha1-hxDXrwqmJvj/+hzgAWhUUmMlV0g="
				},
				"mime-db": {
					"version": "1.33.0",
					"resolved": "https://registry.npmjs.org/mime-db/-/mime-db-1.33.0.tgz",
					"integrity": "sha512-BHJ/EKruNIqJf/QahvxwQZXKygOQ256myeN/Ew+THcAa5q+PjyTTMMeNQC4DZw5AwfvelsUrA6B67NKMqXDbzQ=="
				},
				"mime-types": {
					"version": "2.1.18",
					"resolved": "https://registry.npmjs.org/mime-types/-/mime-types-2.1.18.tgz",
					"integrity": "sha512-lc/aahn+t4/SWV/qcmumYjymLsWfN3ELhpmVuUFjgsORruuZPVSwAQryq+HHGvO/SI2KVX26bx+En+zhM8g8hQ==",
					"requires": {
						"mime-db": "1.33.0"
					}
				},
				"ms": {
					"version": "2.0.0",
					"resolved": "https://registry.npmjs.org/ms/-/ms-2.0.0.tgz",
					"integrity": "sha1-VgiurfwAvmwpAd9fmGF4jeDVl8g="
				},
				"on-finished": {
					"version": "2.3.0",
					"resolved": "https://registry.npmjs.org/on-finished/-/on-finished-2.3.0.tgz",
					"integrity": "sha1-IPEzZIGwg811M3mSoWlxqi2QaUc=",
					"requires": {
						"ee-first": "1.1.1"
					}
				},
				"qs": {
					"version": "6.5.2",
					"resolved": "https://registry.npmjs.org/qs/-/qs-6.5.2.tgz",
					"integrity": "sha512-N5ZAX4/LxJmF+7wN74pUD6qAh9/wnvdQcjq9TZjevvXzSUo7bfmw91saqMjzGS2xq91/odN2dW/WOl7qQHNDGA=="
				},
				"raw-body": {
					"version": "2.3.3",
					"resolved": "https://registry.npmjs.org/raw-body/-/raw-body-2.3.3.tgz",
					"integrity": "sha512-9esiElv1BrZoI3rCDuOuKCBRbuApGGaDPQfjSflGxdy4oyzqghxu6klEkkVIvBje+FF0BX9coEv8KqW6X/7njw==",
					"requires": {
						"bytes": "3.0.0",
						"http-errors": "1.6.3",
						"iconv-lite": "0.4.23",
						"unpipe": "1.0.0"
					}
				},
				"safer-buffer": {
					"version": "2.1.2",
					"resolved": "https://registry.npmjs.org/safer-buffer/-/safer-buffer-2.1.2.tgz",
					"integrity": "sha512-YZo3K82SD7Riyi0E1EQPojLz7kpepnSQI9IyPbHHg1XXXevb5dJI7tpyN2ADxGcQbHG7vcyRHk0cbwqcQriUtg=="
				},
				"setprototypeof": {
					"version": "1.1.0",
					"resolved": "https://registry.npmjs.org/setprototypeof/-/setprototypeof-1.1.0.tgz",
					"integrity": "sha512-BvE/TwpZX4FXExxOxZyRGQQv651MSwmWKZGqvmPcRIjDqWub67kTKuIMx43cZZrS/cBBzwBcNDWoFxt2XEFIpQ=="
				},
				"statuses": {
					"version": "1.5.0",
					"resolved": "https://registry.npmjs.org/statuses/-/statuses-1.5.0.tgz",
					"integrity": "sha1-Fhx9rBd2Wf2YEfQ3cfqZOBR4Yow="
				},
				"type-is": {
					"version": "1.6.16",
					"resolved": "https://registry.npmjs.org/type-is/-/type-is-1.6.16.tgz",
					"integrity": "sha512-HRkVv/5qY2G6I8iab9cI7v1bOIdhm94dVjQCPFElW9W+3GeDOSHmy2EBYe4VTApuzolPcmgFTN3ftVJRKR2J9Q==",
					"requires": {
						"media-typer": "0.3.0",
						"mime-types": "2.1.18"
					}
				},
				"unpipe": {
					"version": "1.0.0",
					"resolved": "https://registry.npmjs.org/unpipe/-/unpipe-1.0.0.tgz",
					"integrity": "sha1-sr9O6FFKrmFltIF4KdIbLvSZBOw="
				}
			}
		},
		"cors": {
			"version": "2.8.4",
			"resolved": "https://registry.npmjs.org/cors/-/cors-2.8.4.tgz",
			"integrity": "sha1-K9OB8usgECAQXNUOpZ2mMJBpRoY=",
			"requires": {
				"object-assign": "4.1.1",
				"vary": "1.1.2"
			},
			"dependencies": {
				"object-assign": {
					"version": "4.1.1",
					"resolved": "https://registry.npmjs.org/object-assign/-/object-assign-4.1.1.tgz",
					"integrity": "sha1-IQmtx5ZYh8/AXLvUQsrIv7s2CGM="
				},
				"vary": {
					"version": "1.1.2",
					"resolved": "https://registry.npmjs.org/vary/-/vary-1.1.2.tgz",
					"integrity": "sha1-IpnwLG3tMNSllhsLn3RSShj2NPw="
				}
			}
		},
		"inversify": {
			"version": "4.13.0",
			"resolved": "https://registry.npmjs.org/inversify/-/inversify-4.13.0.tgz",
			"integrity": "sha512-O5d8y7gKtyRwrvTLZzYET3kdFjqUy58sGpBYMARF13mzqDobpfBXVOPLH7HmnD2VR6Q+1HzZtslGvsdQfeb0SA=="
		}
	}
}
