{
	"requires": true,
	"lockfileVersion": 1,
	"dependencies": {
		"nats": {
			"version": "0.7.25",
			"resolved": "https://registry.npmjs.org/nats/-/nats-0.7.25.tgz",
			"integrity": "sha512-7zpxMxisrO8/T9zOIpNwIgyzLxRDVlQ66b7bM6lD8FQaFlaf1XMH9VBd0+aNABA38hqo+9wUFhvp9AUU2H4XXg==",
			"requires": {
				"nuid": "0.6.14"
			},
			"dependencies": {
				"nuid": {
					"version": "0.6.14",
					"resolved": "https://registry.npmjs.org/nuid/-/nuid-0.6.14.tgz",
					"integrity": "sha1-oiXItyDkbFY62NE2QTaGafbCW0g="
				}
			}
		}
	}
}
