{
	"requires": true,
	"lockfileVersion": 1,
	"dependencies": {
		"@common-stack/client-react": {
			"version": "0.0.151",
			"resolved": "https://registry.npmjs.org/@common-stack/client-react/-/client-react-0.0.140.tgz",
			"integrity": "sha512-nnqfzUVidRor6Eqqg6hh65djay/H+1CY9SVCMPLSPyXyqYgEwmzIHPADXEwChAe07AJFIe74z1F56rqrnxlFvQ==",
			"requires": {
				"@common-stack/client-core": "^0.0.140",
				"@common-stack/client-redux": "^0.0.140",
				"@common-stack/core": "^0.0.140"
			},
			"dependencies": {
				"@common-stack/client-core": {
					"version": "0.0.151",
					"resolved": "https://registry.npmjs.org/@common-stack/client-core/-/client-core-0.0.140.tgz",
					"integrity": "sha512-1t6o1X4PCyr53FPoD1nH8H4ws6epgbKfVxndBiXiMYXyEH3BnAQSO6RNO+YsPFF/0PH4se0ipJVAm09PtuFijQ==",
					"requires": {
						"@common-stack/core": "^0.0.140"
					}
				},
				"@common-stack/client-redux": {
					"version": "0.0.151",
					"resolved": "https://registry.npmjs.org/@common-stack/client-redux/-/client-redux-0.0.140.tgz",
					"integrity": "sha512-ZTmhQD4evq37rwu2yBJOVI4Ot4d4kFcY2PL6vkI2ucPwxiJiFR9py2VeyELaVg79sfbWaL7+8hZpW6GaTDCD7Q==",
					"requires": {
						"@common-stack/client-core": "^0.0.140",
						"@common-stack/core": "^0.0.140"
					}
				},
				"@common-stack/core": {
					"version": "0.0.151",
					"resolved": "https://registry.npmjs.org/@common-stack/core/-/core-0.0.140.tgz",
					"integrity": "sha512-ZCh4Yop1UewGQtxIsMKlP17hkEqp1AyHDNIwyw1/jxdNVSStS8ErUwzWjaeJieFy0Rn1f76QOUWALxCqK+pbbg=="
				}
			}
		},
		"@common-stack/server-core": {
			"version": "0.0.151",
			"resolved": "https://registry.npmjs.org/@common-stack/server-core/-/server-core-0.0.140.tgz",
			"integrity": "sha512-Gl/7mCFzibrTazkyu8qmix1OQUcL5WoEhrhh+Y6kiSCp8IP6x9+DRTG4ofhBw+CgBlWQbQTuyxhrkhs/u6snIA==",
			"requires": {
				"@common-stack/core": "*"
			},
			"dependencies": {
				"@common-stack/core": {
					"version": "0.0.151",
					"resolved": "https://registry.npmjs.org/@common-stack/core/-/core-0.0.140.tgz",
					"integrity": "sha512-ZCh4Yop1UewGQtxIsMKlP17hkEqp1AyHDNIwyw1/jxdNVSStS8ErUwzWjaeJieFy0Rn1f76QOUWALxCqK+pbbg=="
				}
			}
		}
	}
}
