{
	"name": "@sample-stack/graphql-schema",
	"version": "0.0.1",
	"lockfileVersion": 1,
	"requires": true,
	"dependencies": {
		"@types/graphql": {
			"version": "0.11.8",
			"resolved": "https://registry.npmjs.org/@types/graphql/-/graphql-0.11.8.tgz",
			"integrity": "sha512-xGWx4kx9JKlqxDrZA12gw5qi2lvxPNLxnQQcoTXVX83MuGcXcpb7TADatGyGW51GaaXQOQTbjw3x4HuL3ULBaA==",
			"optional": true
		}
	}
}
