{
	"name": "sample-stack-frontend-server",
	"version": "0.0.10",
	"lockfileVersion": 1,
	"requires": true,
	"dependencies": {
		"@sample-stack/client-core": {
			"version": "0.0.1",
			"requires": {
				"@sample-stack/core": "0.0.1"
			},
			"dependencies": {
				"@sample-stack/core": {
					"version": "0.0.1",
					"bundled": true
				}
			}
		},
		"@sample-stack/client-react": {
			"version": "0.0.1",
			"requires": {
				"@sample-stack/client-core": "0.0.1",
				"@sample-stack/client-redux": "0.0.1",
				"@sample-stack/core": "0.0.1",
				"@sample-stack/graphql-gql": "0.0.1"
			},
			"dependencies": {
				"@sample-stack/client-core": {
					"version": "0.0.1",
					"bundled": true,
					"requires": {
						"@sample-stack/core": "0.0.1"
					},
					"dependencies": {
						"@sample-stack/core": {
							"version": "0.0.1",
							"bundled": true
						}
					}
				},
				"@sample-stack/client-redux": {
					"version": "0.0.1",
					"bundled": true,
					"requires": {
						"@sample-stack/client-core": "0.0.1",
						"@sample-stack/core": "0.0.1"
					},
					"dependencies": {
						"@sample-stack/client-core": {
							"version": "0.0.1",
							"bundled": true,
							"requires": {
								"@sample-stack/core": "0.0.1"
							},
							"dependencies": {
								"@sample-stack/core": {
									"version": "0.0.1",
									"bundled": true
								}
							}
						},
						"@sample-stack/core": {
							"version": "0.0.1",
							"bundled": true
						}
					}
				},
				"@sample-stack/core": {
					"version": "0.0.1",
					"bundled": true
				},
				"@sample-stack/graphql-gql": {
					"version": "0.0.1",
					"bundled": true
				},
				"@sample-stack/graphql-schema": {
					"bundled": true,
					"requires": {
						"@sample-stack/server-core": "0.0.1",
						"@sample-stack/store": "0.0.1"
					},
					"dependencies": {
						"@sample-stack/server-core": {
							"version": "0.0.1",
							"bundled": true,
							"requires": {
								"@sample-stack/core": "0.0.1"
							},
							"dependencies": {
								"@sample-stack/core": {
									"version": "0.0.1",
									"bundled": true
								},
								"@sample-stack/utils": {
									"bundled": true
								}
							}
						},
						"@sample-stack/store": {
							"version": "0.0.1",
							"bundled": true
						},
						"@sample-stack/utils": {
							"bundled": true
						}
					}
				}
			}
		},
		"@sample-stack/client-redux": {
			"version": "0.0.1",
			"requires": {
				"@sample-stack/client-core": "0.0.1",
				"@sample-stack/core": "0.0.1"
			},
			"dependencies": {
				"@sample-stack/client-core": {
					"version": "0.0.1",
					"bundled": true,
					"requires": {
						"@sample-stack/core": "0.0.1"
					},
					"dependencies": {}
				},
				"@sample-stack/core": {
					"version": "0.0.1",
					"bundled": true
				}
			}
		},
		"@sample-stack/core": {
			"version": "0.0.1"
		},
		"@sample-stack/graphql-gql": {
			"version": "0.0.1"
		},
		"@sample-stack/utils": {
			"version": "0.0.1"
		},
		"tslib": {
			"version": "1.9.0",
			"resolved": "https://registry.npmjs.org/tslib/-/tslib-1.9.0.tgz",
			"integrity": "sha512-f/qGG2tUkrISBlQZEjEqoZ3B2+npJjIf04H1wuAv9iA8i04Icp+61KRXxFdha22670NJopsZCIjhC3SnjPRKrQ==",
			"dev": true
		}
	}
}
